// !$*UTF8*$!
{
	archiveVersion = 1;
	classes = {
	};
	objectVersion = 56;
	objects = {

/* Begin PBXBuildFile section */
		604A161D29CDE0AE0093E2C0 /* AppDelegate.swift in Sources */ = {isa = PBXBuildFile; fileRef = 604A161C29CDE0AE0093E2C0 /* AppDelegate.swift */; };
		604A161F29CDE0AE0093E2C0 /* SceneDelegate.swift in Sources */ = {isa = PBXBuildFile; fileRef = 604A161E29CDE0AE0093E2C0 /* SceneDelegate.swift */; };
		604A162129CDE0AE0093E2C0 /* ImageViewController.swift in Sources */ = {isa = PBXBuildFile; fileRef = 604A162029CDE0AE0093E2C0 /* ImageViewController.swift */; };
		604A162629CDE0B10093E2C0 /* Assets.xcassets in Resources */ = {isa = PBXBuildFile; fileRef = 604A162529CDE0B10093E2C0 /* Assets.xcassets */; };
		604A162929CDE0B10093E2C0 /* LaunchScreen.storyboard in Resources */ = {isa = PBXBuildFile; fileRef = 604A162729CDE0B10093E2C0 /* LaunchScreen.storyboard */; };
		604A163229CDE8220093E2C0 /* SnapKit in Frameworks */ = {isa = PBXBuildFile; productRef = 604A163129CDE8220093E2C0 /* SnapKit */; };
		604A163429CDFEAD0093E2C0 /* ViewController.swift in Sources */ = {isa = PBXBuildFile; fileRef = 604A163329CDFEAC0093E2C0 /* ViewController.swift */; };
		604A163929CE29E40093E2C0 /* OurCoursesTableViewController.swift in Sources */ = {isa = PBXBuildFile; fileRef = 604A163829CE29E40093E2C0 /* OurCoursesTableViewController.swift */; };
		604A163B29CE2A160093E2C0 /* OurCoursesTableViewCell.swift in Sources */ = {isa = PBXBuildFile; fileRef = 604A163A29CE2A160093E2C0 /* OurCoursesTableViewCell.swift */; };
		604A163D29CEB3EE0093E2C0 /* CourseModel.swift in Sources */ = {isa = PBXBuildFile; fileRef = 604A163C29CEB3EE0093E2C0 /* CourseModel.swift */; };
		604A163F29CEB82B0093E2C0 /* WebsiteDescriptionModel.swift in Sources */ = {isa = PBXBuildFile; fileRef = 604A163E29CEB82B0093E2C0 /* WebsiteDescriptionModel.swift */; };
		604A164129CED2780093E2C0 /* WebViewController.swift in Sources */ = {isa = PBXBuildFile; fileRef = 604A164029CED2780093E2C0 /* WebViewController.swift */; };
		604A166A29CF188C0093E2C0 /* CollectionViewController.swift in Sources */ = {isa = PBXBuildFile; fileRef = 604A166929CF188C0093E2C0 /* CollectionViewController.swift */; };
		604A166C29CF18C80093E2C0 /* CollectionViewCell.swift in Sources */ = {isa = PBXBuildFile; fileRef = 604A166B29CF18C80093E2C0 /* CollectionViewCell.swift */; };
		604A166E29CF27EE0093E2C0 /* NetworkManager.swift in Sources */ = {isa = PBXBuildFile; fileRef = 604A166D29CF27EE0093E2C0 /* NetworkManager.swift */; };
		604A167129CF69090093E2C0 /* ImageProperties.swift in Sources */ = {isa = PBXBuildFile; fileRef = 604A167029CF69090093E2C0 /* ImageProperties.swift */; };
/* End PBXBuildFile section */

/* Begin PBXFileReference section */
		604A161929CDE0AE0093E2C0 /* Networking.app */ = {isa = PBXFileReference; explicitFileType = wrapper.application; includeInIndex = 0; path = Networking.app; sourceTree = BUILT_PRODUCTS_DIR; };
		604A161C29CDE0AE0093E2C0 /* AppDelegate.swift */ = {isa = PBXFileReference; lastKnownFileType = sourcecode.swift; path = AppDelegate.swift; sourceTree = "<group>"; };
		604A161E29CDE0AE0093E2C0 /* SceneDelegate.swift */ = {isa = PBXFileReference; lastKnownFileType = sourcecode.swift; path = SceneDelegate.swift; sourceTree = "<group>"; };
		604A162029CDE0AE0093E2C0 /* ImageViewController.swift */ = {isa = PBXFileReference; lastKnownFileType = sourcecode.swift; path = ImageViewController.swift; sourceTree = "<group>"; };
		604A162529CDE0B10093E2C0 /* Assets.xcassets */ = {isa = PBXFileReference; lastKnownFileType = folder.assetcatalog; path = Assets.xcassets; sourceTree = "<group>"; };
		604A162829CDE0B10093E2C0 /* Base */ = {isa = PBXFileReference; lastKnownFileType = file.storyboard; name = Base; path = Base.lproj/LaunchScreen.storyboard; sourceTree = "<group>"; };
		604A162A29CDE0B10093E2C0 /* Info.plist */ = {isa = PBXFileReference; lastKnownFileType = text.plist.xml; path = Info.plist; sourceTree = "<group>"; };
		604A163329CDFEAC0093E2C0 /* ViewController.swift */ = {isa = PBXFileReference; lastKnownFileType = sourcecode.swift; path = ViewController.swift; sourceTree = "<group>"; };
		604A163829CE29E40093E2C0 /* OurCoursesTableViewController.swift */ = {isa = PBXFileReference; lastKnownFileType = sourcecode.swift; path = OurCoursesTableViewController.swift; sourceTree = "<group>"; };
		604A163A29CE2A160093E2C0 /* OurCoursesTableViewCell.swift */ = {isa = PBXFileReference; lastKnownFileType = sourcecode.swift; path = OurCoursesTableViewCell.swift; sourceTree = "<group>"; };
		604A163C29CEB3EE0093E2C0 /* CourseModel.swift */ = {isa = PBXFileReference; lastKnownFileType = sourcecode.swift; path = CourseModel.swift; sourceTree = "<group>"; };
		604A163E29CEB82B0093E2C0 /* WebsiteDescriptionModel.swift */ = {isa = PBXFileReference; lastKnownFileType = sourcecode.swift; path = WebsiteDescriptionModel.swift; sourceTree = "<group>"; };
		604A164029CED2780093E2C0 /* WebViewController.swift */ = {isa = PBXFileReference; lastKnownFileType = sourcecode.swift; path = WebViewController.swift; sourceTree = "<group>"; };
		604A166929CF188C0093E2C0 /* CollectionViewController.swift */ = {isa = PBXFileReference; lastKnownFileType = sourcecode.swift; path = CollectionViewController.swift; sourceTree = "<group>"; };
		604A166B29CF18C80093E2C0 /* CollectionViewCell.swift */ = {isa = PBXFileReference; lastKnownFileType = sourcecode.swift; path = CollectionViewCell.swift; sourceTree = "<group>"; };
		604A166D29CF27EE0093E2C0 /* NetworkManager.swift */ = {isa = PBXFileReference; lastKnownFileType = sourcecode.swift; path = NetworkManager.swift; sourceTree = "<group>"; };
		604A167029CF69090093E2C0 /* ImageProperties.swift */ = {isa = PBXFileReference; lastKnownFileType = sourcecode.swift; path = ImageProperties.swift; sourceTree = "<group>"; };
/* End PBXFileReference section */

/* Begin PBXFrameworksBuildPhase section */
		604A161629CDE0AE0093E2C0 /* Frameworks */ = {
			isa = PBXFrameworksBuildPhase;
			buildActionMask = 2147483647;
			files = (
				604A163229CDE8220093E2C0 /* SnapKit in Frameworks */,
			);
			runOnlyForDeploymentPostprocessing = 0;
		};
/* End PBXFrameworksBuildPhase section */

/* Begin PBXGroup section */
		604A161029CDE0AE0093E2C0 = {
			isa = PBXGroup;
			children = (
				604A161B29CDE0AE0093E2C0 /* Networking */,
				604A161A29CDE0AE0093E2C0 /* Products */,
			);
			sourceTree = "<group>";
		};
		604A161A29CDE0AE0093E2C0 /* Products */ = {
			isa = PBXGroup;
			children = (
				604A161929CDE0AE0093E2C0 /* Networking.app */,
			);
			name = Products;
			sourceTree = "<group>";
		};
		604A161B29CDE0AE0093E2C0 /* Networking */ = {
			isa = PBXGroup;
			children = (
				604A166F29CF68FB0093E2C0 /* Post request */,
				604A163729CE29AD0093E2C0 /* Resources */,
				604A163529CE29970093E2C0 /* App */,
				604A163329CDFEAC0093E2C0 /* ViewController.swift */,
				604A162029CDE0AE0093E2C0 /* ImageViewController.swift */,
				604A163829CE29E40093E2C0 /* OurCoursesTableViewController.swift */,
				604A163A29CE2A160093E2C0 /* OurCoursesTableViewCell.swift */,
				604A163C29CEB3EE0093E2C0 /* CourseModel.swift */,
				604A163E29CEB82B0093E2C0 /* WebsiteDescriptionModel.swift */,
				604A164029CED2780093E2C0 /* WebViewController.swift */,
				604A166929CF188C0093E2C0 /* CollectionViewController.swift */,
				604A166B29CF18C80093E2C0 /* CollectionViewCell.swift */,
				604A166D29CF27EE0093E2C0 /* NetworkManager.swift */,
			);
			path = Networking;
			sourceTree = "<group>";
		};
		604A163529CE29970093E2C0 /* App */ = {
			isa = PBXGroup;
			children = (
				604A161C29CDE0AE0093E2C0 /* AppDelegate.swift */,
				604A161E29CDE0AE0093E2C0 /* SceneDelegate.swift */,
			);
			path = App;
			sourceTree = "<group>";
		};
		604A163729CE29AD0093E2C0 /* Resources */ = {
			isa = PBXGroup;
			children = (
				604A162529CDE0B10093E2C0 /* Assets.xcassets */,
				604A162729CDE0B10093E2C0 /* LaunchScreen.storyboard */,
				604A162A29CDE0B10093E2C0 /* Info.plist */,
			);
			path = Resources;
			sourceTree = "<group>";
		};
		604A166F29CF68FB0093E2C0 /* Post request */ = {
			isa = PBXGroup;
			children = (
				604A167029CF69090093E2C0 /* ImageProperties.swift */,
			);
			path = "Post request";
			sourceTree = "<group>";
		};
/* End PBXGroup section */

/* Begin PBXNativeTarget section */
		604A161829CDE0AE0093E2C0 /* Networking */ = {
			isa = PBXNativeTarget;
			buildConfigurationList = 604A162D29CDE0B10093E2C0 /* Build configuration list for PBXNativeTarget "Networking" */;
			buildPhases = (
				604A161529CDE0AE0093E2C0 /* Sources */,
				604A161629CDE0AE0093E2C0 /* Frameworks */,
				604A161729CDE0AE0093E2C0 /* Resources */,
			);
			buildRules = (
			);
			dependencies = (
			);
			name = Networking;
			packageProductDependencies = (
				604A163129CDE8220093E2C0 /* SnapKit */,
			);
			productName = Networking;
			productReference = 604A161929CDE0AE0093E2C0 /* Networking.app */;
			productType = "com.apple.product-type.application";
		};
/* End PBXNativeTarget section */

/* Begin PBXProject section */
		604A161129CDE0AE0093E2C0 /* Project object */ = {
			isa = PBXProject;
			attributes = {
				BuildIndependentTargetsInParallel = 1;
				LastSwiftUpdateCheck = 1400;
				LastUpgradeCheck = 1400;
				TargetAttributes = {
					604A161829CDE0AE0093E2C0 = {
						CreatedOnToolsVersion = 14.0.1;
					};
				};
			};
			buildConfigurationList = 604A161429CDE0AE0093E2C0 /* Build configuration list for PBXProject "Networking" */;
			compatibilityVersion = "Xcode 14.0";
			developmentRegion = en;
			hasScannedForEncodings = 0;
			knownRegions = (
				en,
				Base,
			);
			mainGroup = 604A161029CDE0AE0093E2C0;
			packageReferences = (
				604A163029CDE8220093E2C0 /* XCRemoteSwiftPackageReference "SnapKit" */,
			);
			productRefGroup = 604A161A29CDE0AE0093E2C0 /* Products */;
			projectDirPath = "";
			projectRoot = "";
			targets = (
				604A161829CDE0AE0093E2C0 /* Networking */,
			);
		};
/* End PBXProject section */

/* Begin PBXResourcesBuildPhase section */
		604A161729CDE0AE0093E2C0 /* Resources */ = {
			isa = PBXResourcesBuildPhase;
			buildActionMask = 2147483647;
			files = (
				604A162929CDE0B10093E2C0 /* LaunchScreen.storyboard in Resources */,
				604A162629CDE0B10093E2C0 /* Assets.xcassets in Resources */,
			);
			runOnlyForDeploymentPostprocessing = 0;
		};
/* End PBXResourcesBuildPhase section */

/* Begin PBXSourcesBuildPhase section */
		604A161529CDE0AE0093E2C0 /* Sources */ = {
			isa = PBXSourcesBuildPhase;
			buildActionMask = 2147483647;
			files = (
				604A166E29CF27EE0093E2C0 /* NetworkManager.swift in Sources */,
				604A163F29CEB82B0093E2C0 /* WebsiteDescriptionModel.swift in Sources */,
				604A164129CED2780093E2C0 /* WebViewController.swift in Sources */,
				604A162129CDE0AE0093E2C0 /* ImageViewController.swift in Sources */,
				604A161D29CDE0AE0093E2C0 /* AppDelegate.swift in Sources */,
				604A167129CF69090093E2C0 /* ImageProperties.swift in Sources */,
				604A166A29CF188C0093E2C0 /* CollectionViewController.swift in Sources */,
				604A163429CDFEAD0093E2C0 /* ViewController.swift in Sources */,
				604A163B29CE2A160093E2C0 /* OurCoursesTableViewCell.swift in Sources */,
				604A163929CE29E40093E2C0 /* OurCoursesTableViewController.swift in Sources */,
				604A161F29CDE0AE0093E2C0 /* SceneDelegate.swift in Sources */,
				604A163D29CEB3EE0093E2C0 /* CourseModel.swift in Sources */,
				604A166C29CF18C80093E2C0 /* CollectionViewCell.swift in Sources */,
			);
			runOnlyForDeploymentPostprocessing = 0;
		};
/* End PBXSourcesBuildPhase section */

/* Begin PBXVariantGroup section */
		604A162729CDE0B10093E2C0 /* LaunchScreen.storyboard */ = {
			isa = PBXVariantGroup;
			children = (
				604A162829CDE0B10093E2C0 /* Base */,
			);
			name = LaunchScreen.storyboard;
			sourceTree = "<group>";
		};
/* End PBXVariantGroup section */

/* Begin XCBuildConfiguration section */
		604A162B29CDE0B10093E2C0 /* Debug */ = {
			isa = XCBuildConfiguration;
			buildSettings = {
				ALWAYS_SEARCH_USER_PATHS = NO;
				CLANG_ANALYZER_NONNULL = YES;
				CLANG_ANALYZER_NUMBER_OBJECT_CONVERSION = YES_AGGRESSIVE;
				CLANG_CXX_LANGUAGE_STANDARD = "gnu++20";
				CLANG_ENABLE_MODULES = YES;
				CLANG_ENABLE_OBJC_ARC = YES;
				CLANG_ENABLE_OBJC_WEAK = YES;
				CLANG_WARN_BLOCK_CAPTURE_AUTORELEASING = YES;
				CLANG_WARN_BOOL_CONVERSION = YES;
				CLANG_WARN_COMMA = YES;
				CLANG_WARN_CONSTANT_CONVERSION = YES;
				CLANG_WARN_DEPRECATED_OBJC_IMPLEMENTATIONS = YES;
				CLANG_WARN_DIRECT_OBJC_ISA_USAGE = YES_ERROR;
				CLANG_WARN_DOCUMENTATION_COMMENTS = YES;
				CLANG_WARN_EMPTY_BODY = YES;
				CLANG_WARN_ENUM_CONVERSION = YES;
				CLANG_WARN_INFINITE_RECURSION = YES;
				CLANG_WARN_INT_CONVERSION = YES;
				CLANG_WARN_NON_LITERAL_NULL_CONVERSION = YES;
				CLANG_WARN_OBJC_IMPLICIT_RETAIN_SELF = YES;
				CLANG_WARN_OBJC_LITERAL_CONVERSION = YES;
				CLANG_WARN_OBJC_ROOT_CLASS = YES_ERROR;
				CLANG_WARN_QUOTED_INCLUDE_IN_FRAMEWORK_HEADER = YES;
				CLANG_WARN_RANGE_LOOP_ANALYSIS = YES;
				CLANG_WARN_STRICT_PROTOTYPES = YES;
				CLANG_WARN_SUSPICIOUS_MOVE = YES;
				CLANG_WARN_UNGUARDED_AVAILABILITY = YES_AGGRESSIVE;
				CLANG_WARN_UNREACHABLE_CODE = YES;
				CLANG_WARN__DUPLICATE_METHOD_MATCH = YES;
				COPY_PHASE_STRIP = NO;
				DEBUG_INFORMATION_FORMAT = dwarf;
				ENABLE_STRICT_OBJC_MSGSEND = YES;
				ENABLE_TESTABILITY = YES;
				GCC_C_LANGUAGE_STANDARD = gnu11;
				GCC_DYNAMIC_NO_PIC = NO;
				GCC_NO_COMMON_BLOCKS = YES;
				GCC_OPTIMIZATION_LEVEL = 0;
				GCC_PREPROCESSOR_DEFINITIONS = (
					"DEBUG=1",
					"$(inherited)",
				);
				GCC_WARN_64_TO_32_BIT_CONVERSION = YES;
				GCC_WARN_ABOUT_RETURN_TYPE = YES_ERROR;
				GCC_WARN_UNDECLARED_SELECTOR = YES;
				GCC_WARN_UNINITIALIZED_AUTOS = YES_AGGRESSIVE;
				GCC_WARN_UNUSED_FUNCTION = YES;
				GCC_WARN_UNUSED_VARIABLE = YES;
				IPHONEOS_DEPLOYMENT_TARGET = 16.0;
				MTL_ENABLE_DEBUG_INFO = INCLUDE_SOURCE;
				MTL_FAST_MATH = YES;
				ONLY_ACTIVE_ARCH = YES;
				SDKROOT = iphoneos;
				SWIFT_ACTIVE_COMPILATION_CONDITIONS = DEBUG;
				SWIFT_OPTIMIZATION_LEVEL = "-Onone";
			};
			name = Debug;
		};
		604A162C29CDE0B10093E2C0 /* Release */ = {
			isa = XCBuildConfiguration;
			buildSettings = {
				ALWAYS_SEARCH_USER_PATHS = NO;
				CLANG_ANALYZER_NONNULL = YES;
				CLANG_ANALYZER_NUMBER_OBJECT_CONVERSION = YES_AGGRESSIVE;
				CLANG_CXX_LANGUAGE_STANDARD = "gnu++20";
				CLANG_ENABLE_MODULES = YES;
				CLANG_ENABLE_OBJC_ARC = YES;
				CLANG_ENABLE_OBJC_WEAK = YES;
				CLANG_WARN_BLOCK_CAPTURE_AUTORELEASING = YES;
				CLANG_WARN_BOOL_CONVERSION = YES;
				CLANG_WARN_COMMA = YES;
				CLANG_WARN_CONSTANT_CONVERSION = YES;
				CLANG_WARN_DEPRECATED_OBJC_IMPLEMENTATIONS = YES;
				CLANG_WARN_DIRECT_OBJC_ISA_USAGE = YES_ERROR;
				CLANG_WARN_DOCUMENTATION_COMMENTS = YES;
				CLANG_WARN_EMPTY_BODY = YES;
				CLANG_WARN_ENUM_CONVERSION = YES;
				CLANG_WARN_INFINITE_RECURSION = YES;
				CLANG_WARN_INT_CONVERSION = YES;
				CLANG_WARN_NON_LITERAL_NULL_CONVERSION = YES;
				CLANG_WARN_OBJC_IMPLICIT_RETAIN_SELF = YES;
				CLANG_WARN_OBJC_LITERAL_CONVERSION = YES;
				CLANG_WARN_OBJC_ROOT_CLASS = YES_ERROR;
				CLANG_WARN_QUOTED_INCLUDE_IN_FRAMEWORK_HEADER = YES;
				CLANG_WARN_RANGE_LOOP_ANALYSIS = YES;
				CLANG_WARN_STRICT_PROTOTYPES = YES;
				CLANG_WARN_SUSPICIOUS_MOVE = YES;
				CLANG_WARN_UNGUARDED_AVAILABILITY = YES_AGGRESSIVE;
				CLANG_WARN_UNREACHABLE_CODE = YES;
				CLANG_WARN__DUPLICATE_METHOD_MATCH = YES;
				COPY_PHASE_STRIP = NO;
				DEBUG_INFORMATION_FORMAT = "dwarf-with-dsym";
				ENABLE_NS_ASSERTIONS = NO;
				ENABLE_STRICT_OBJC_MSGSEND = YES;
				GCC_C_LANGUAGE_STANDARD = gnu11;
				GCC_NO_COMMON_BLOCKS = YES;
				GCC_WARN_64_TO_32_BIT_CONVERSION = YES;
				GCC_WARN_ABOUT_RETURN_TYPE = YES_ERROR;
				GCC_WARN_UNDECLARED_SELECTOR = YES;
				GCC_WARN_UNINITIALIZED_AUTOS = YES_AGGRESSIVE;
				GCC_WARN_UNUSED_FUNCTION = YES;
				GCC_WARN_UNUSED_VARIABLE = YES;
				IPHONEOS_DEPLOYMENT_TARGET = 16.0;
				MTL_ENABLE_DEBUG_INFO = NO;
				MTL_FAST_MATH = YES;
				SDKROOT = iphoneos;
				SWIFT_COMPILATION_MODE = wholemodule;
				SWIFT_OPTIMIZATION_LEVEL = "-O";
				VALIDATE_PRODUCT = YES;
			};
			name = Release;
		};
		604A162E29CDE0B10093E2C0 /* Debug */ = {
			isa = XCBuildConfiguration;
			buildSettings = {
				ASSETCATALOG_COMPILER_APPICON_NAME = AppIcon;
				ASSETCATALOG_COMPILER_GLOBAL_ACCENT_COLOR_NAME = AccentColor;
				CODE_SIGN_STYLE = Automatic;
				CURRENT_PROJECT_VERSION = 1;
				DEVELOPMENT_TEAM = 6YX8RWQNTP;
				GENERATE_INFOPLIST_FILE = YES;
				INFOPLIST_FILE = Networking/Resources/Info.plist;
				INFOPLIST_KEY_UIApplicationSupportsIndirectInputEvents = YES;
				INFOPLIST_KEY_UILaunchStoryboardName = LaunchScreen;
				INFOPLIST_KEY_UISupportedInterfaceOrientations_iPad = "UIInterfaceOrientationPortrait UIInterfaceOrientationPortraitUpsideDown UIInterfaceOrientationLandscapeLeft UIInterfaceOrientationLandscapeRight";
				INFOPLIST_KEY_UISupportedInterfaceOrientations_iPhone = "UIInterfaceOrientationPortrait UIInterfaceOrientationLandscapeLeft UIInterfaceOrientationLandscapeRight";
				LD_RUNPATH_SEARCH_PATHS = (
					"$(inherited)",
					"@executable_path/Frameworks",
				);
				MARKETING_VERSION = 1.0;
				PRODUCT_BUNDLE_IDENTIFIER = adlet.zhan.Networking;
				PRODUCT_NAME = "$(TARGET_NAME)";
				SWIFT_EMIT_LOC_STRINGS = YES;
				SWIFT_VERSION = 5.0;
				TARGETED_DEVICE_FAMILY = "1,2";
			};
			name = Debug;
		};
		604A162F29CDE0B10093E2C0 /* Release */ = {
			isa = XCBuildConfiguration;
			buildSettings = {
				ASSETCATALOG_COMPILER_APPICON_NAME = AppIcon;
				ASSETCATALOG_COMPILER_GLOBAL_ACCENT_COLOR_NAME = AccentColor;
				CODE_SIGN_STYLE = Automatic;
				CURRENT_PROJECT_VERSION = 1;
				DEVELOPMENT_TEAM = 6YX8RWQNTP;
				GENERATE_INFOPLIST_FILE = YES;
				INFOPLIST_FILE = Networking/Resources/Info.plist;
				INFOPLIST_KEY_UIApplicationSupportsIndirectInputEvents = YES;
				INFOPLIST_KEY_UILaunchStoryboardName = LaunchScreen;
				INFOPLIST_KEY_UISupportedInterfaceOrientations_iPad = "UIInterfaceOrientationPortrait UIInterfaceOrientationPortraitUpsideDown UIInterfaceOrientationLandscapeLeft UIInterfaceOrientationLandscapeRight";
				INFOPLIST_KEY_UISupportedInterfaceOrientations_iPhone = "UIInterfaceOrientationPortrait UIInterfaceOrientationLandscapeLeft UIInterfaceOrientationLandscapeRight";
				LD_RUNPATH_SEARCH_PATHS = (
					"$(inherited)",
					"@executable_path/Frameworks",
				);
				MARKETING_VERSION = 1.0;
				PRODUCT_BUNDLE_IDENTIFIER = adlet.zhan.Networking;
				PRODUCT_NAME = "$(TARGET_NAME)";
				SWIFT_EMIT_LOC_STRINGS = YES;
				SWIFT_VERSION = 5.0;
				TARGETED_DEVICE_FAMILY = "1,2";
			};
			name = Release;
		};
/* End XCBuildConfiguration section */

/* Begin XCConfigurationList section */
		604A161429CDE0AE0093E2C0 /* Build configuration list for PBXProject "Networking" */ = {
			isa = XCConfigurationList;
			buildConfigurations = (
				604A162B29CDE0B10093E2C0 /* Debug */,
				604A162C29CDE0B10093E2C0 /* Release */,
			);
			defaultConfigurationIsVisible = 0;
			defaultConfigurationName = Release;
		};
		604A162D29CDE0B10093E2C0 /* Build configuration list for PBXNativeTarget "Networking" */ = {
			isa = XCConfigurationList;
			buildConfigurations = (
				604A162E29CDE0B10093E2C0 /* Debug */,
				604A162F29CDE0B10093E2C0 /* Release */,
			);
			defaultConfigurationIsVisible = 0;
			defaultConfigurationName = Release;
		};
/* End XCConfigurationList section */

/* Begin XCRemoteSwiftPackageReference section */
		604A163029CDE8220093E2C0 /* XCRemoteSwiftPackageReference "SnapKit" */ = {
			isa = XCRemoteSwiftPackageReference;
			repositoryURL = "https://github.com/SnapKit/SnapKit.git";
			requirement = {
				branch = develop;
				kind = branch;
			};
		};
/* End XCRemoteSwiftPackageReference section */

/* Begin XCSwiftPackageProductDependency section */
		604A163129CDE8220093E2C0 /* SnapKit */ = {
			isa = XCSwiftPackageProductDependency;
			package = 604A163029CDE8220093E2C0 /* XCRemoteSwiftPackageReference "SnapKit" */;
			productName = SnapKit;
		};
/* End XCSwiftPackageProductDependency section */
	};
	rootObject = 604A161129CDE0AE0093E2C0 /* Project object */;
}
